Microsoft Visual Studio Solution File, Format Version 12.00
# Visual Studio Version 17
VisualStudioVersion = 17.5.2.0
MinimumVisualStudioVersion = 10.0.40219.1
Project("{FAE04EC0-301F-11D3-BF4B-00C04F79EFBC}") = "RedYellowGreen.Api", "backend\RedYellowGreen.Api.csproj", "{9F3AC349-B62D-5083-BF22-94A2934954C8}"
EndProject
Global
	GlobalSection(SolutionConfigurationPlatforms) = preSolution
		Debug|Any CPU = Debug|Any CPU
		Release|Any CPU = Release|Any CPU
	EndGlobalSection
	GlobalSection(ProjectConfigurationPlatforms) = postSolution
		{9F3AC349-B62D-5083-BF22-94A2934954C8}.Debug|Any CPU.ActiveCfg = Debug|Any CPU
		{9F3AC349-B62D-5083-BF22-94A2934954C8}.Debug|Any CPU.Build.0 = Debug|Any CPU
		{9F3AC349-B62D-5083-BF22-94A2934954C8}.Release|Any CPU.ActiveCfg = Release|Any CPU
		{9F3AC349-B62D-5083-BF22-94A2934954C8}.Release|Any CPU.Build.0 = Release|Any CPU
	EndGlobalSection
	GlobalSection(SolutionProperties) = preSolution
		HideSolutionNode = FALSE
	EndGlobalSection
	GlobalSection(ExtensibilityGlobals) = postSolution
		SolutionGuid = {FBB8163B-118B-4878-AE46-D1114BD6C2B5}
	EndGlobalSection
EndGlobal
